
Microsoft Visual Studio Solution File, Format Version 12.00
# Visual Studio 14
VisualStudioVersion = 14.0.25420.1
MinimumVisualStudioVersion = 10.0.40219.1
Project("{2150E333-8FDC-42A3-9474-1A3956D46DE8}") = "OrganizationService", "OrganizationService", "{4AF174D2-F759-4FFF-B870-B64286229D19}"
EndProject
Project("{FAE04EC0-301F-11D3-BF4B-00C04F79EFBC}") = "Zags.OrganizationService.API", "OrganizationService\Zags.OrganizationService.API\Zags.OrganizationService.API.csproj", "{17535BF2-88B0-47FC-BC41-CF8A3BF81E5C}"
EndProject
Project("{FAE04EC0-301F-11D3-BF4B-00C04F79EFBC}") = "Zags.OrganizationService.AcceptanceTests", "OrganizationService\Zags.OrganizationService.AcceptanceTests\Zags.OrganizationService.AcceptanceTests.csproj", "{22D6A57E-7575-4087-99C3-50078183B142}"
EndProject
Project("{FAE04EC0-301F-11D3-BF4B-00C04F79EFBC}") = "Zags.OrganizationService.API.Test", "OrganizationService\Zags.OrganizationService.API.Test\Zags.OrganizationService.API.Test.csproj", "{D730344D-1560-434A-8B45-9BF073ABE935}"
EndProject
Project("{FAE04EC0-301F-11D3-BF4B-00C04F79EFBC}") = "Zags.OrganizationService.Application.Axa", "OrganizationService\Zags.OrganizationService.Application.Axa\Zags.OrganizationService.Application.Axa.csproj", "{A4FE30AE-7D7D-4C01-A9AA-EAEE0297DD3A}"
EndProject
Project("{FAE04EC0-301F-11D3-BF4B-00C04F79EFBC}") = "Zags.OrganizationService.Application.Tests", "OrganizationService\Zags.OrganizationService.Application.Tests\Zags.OrganizationService.Application.Tests.csproj", "{E5D55C47-FAB4-49D7-ACC3-28F7E46A8042}"
EndProject
Project("{FAE04EC0-301F-11D3-BF4B-00C04F79EFBC}") = "Zags.OrganizationService.Database", "OrganizationService\Zags.OrganizationService.Database\Zags.OrganizationService.Database.csproj", "{9E2581D9-3917-4CCF-B232-1C63E7D2ED6B}"
EndProject
Project("{FAE04EC0-301F-11D3-BF4B-00C04F79EFBC}") = "Zags.OrganizationService.DB", "OrganizationService\Zags.OrganizationService.DB\Zags.OrganizationService.DB.csproj", "{76FEF99F-C246-46AC-B046-56A9382B3C84}"
EndProject
Project("{FAE04EC0-301F-11D3-BF4B-00C04F79EFBC}") = "Zags.OrganizationService.Domain", "OrganizationService\Zags.OrganizationService.Domain\Zags.OrganizationService.Domain.csproj", "{230E3368-25B9-4FEF-BC62-67E5F93B2B84}"
EndProject
Project("{FAE04EC0-301F-11D3-BF4B-00C04F79EFBC}") = "Zags.OrganizationService.API.Host.IIS", "OrganizationService\Zags.OrganizationService.API.Host.IIS\Zags.OrganizationService.API.Host.IIS.csproj", "{1AFD3D64-F1B6-4D5E-94B7-0DBBA0DF29AB}"
EndProject
Project("{FAE04EC0-301F-11D3-BF4B-00C04F79EFBC}") = "Zags.OrganizationService.API.Host.Topshelf", "OrganizationService\Zags.OrganizationService.API.Host.Topshelf\Zags.OrganizationService.API.Host.Topshelf.csproj", "{AB06F28F-6BE1-4983-932E-EABAB1733276}"
EndProject
Project("{FAE04EC0-301F-11D3-BF4B-00C04F79EFBC}") = "Zags.OrganizationService.Legacy", "OrganizationService\Zags.OrganizationService.Legacy\Zags.OrganizationService.Legacy.csproj", "{8D5DE877-6793-414C-B66A-18F1D3BF9E9B}"
EndProject
Project("{FAE04EC0-301F-11D3-BF4B-00C04F79EFBC}") = "Zags.OrganizationService.Application", "OrganizationService\Zags.OrganizationService.Application\Zags.OrganizationService.Application.csproj", "{757B16AA-A740-401B-B037-30A1AC0B054E}"
EndProject
Project("{2150E333-8FDC-42A3-9474-1A3956D46DE8}") = "Foundation", "Foundation", "{7B33A774-630B-46E7-B115-447C8608E552}"
EndProject
Project("{FAE04EC0-301F-11D3-BF4B-00C04F79EFBC}") = "Zags.DataAccess.Dapper", "Foundation\Zags.DataAccess.Dapper\Zags.DataAccess.Dapper.csproj", "{6C997232-423E-42CD-844E-D8AC2B83EE3F}"
EndProject
Project("{FAE04EC0-301F-11D3-BF4B-00C04F79EFBC}") = "Zags.Web.HttpClient.Tests", "Foundation\Zag.Web.HttpClient.Tests\Zags.Web.HttpClient.Tests.csproj", "{55557C2B-665C-4A62-9833-8ABD7B4FEFEB}"
EndProject
Project("{FAE04EC0-301F-11D3-BF4B-00C04F79EFBC}") = "Zags.Domain", "Foundation\Zags.Domain\Zags.Domain.csproj", "{862A8FB6-9327-4DBC-BF1A-2AF95DEB21C5}"
EndProject
Project("{FAE04EC0-301F-11D3-BF4B-00C04F79EFBC}") = "Zags.Logging", "Foundation\Zags.Logging\Zags.Logging.csproj", "{E628DB85-311C-4724-831B-C63A81352DB7}"
EndProject
Project("{FAE04EC0-301F-11D3-BF4B-00C04F79EFBC}") = "Zags.Logging.Middleware", "Foundation\Zags.Logging.Middleware\Zags.Logging.Middleware.csproj", "{432EFBF3-51A9-4851-98C4-D68DBB7ABA05}"
EndProject
Project("{FAE04EC0-301F-11D3-BF4B-00C04F79EFBC}") = "Zags.Utilities", "Foundation\Zags.Utilities\Zags.Utilities.csproj", "{00E01CE4-5F33-4B1B-9BD6-13E28C5E406B}"
EndProject
Project("{FAE04EC0-301F-11D3-BF4B-00C04F79EFBC}") = "Zags.Web", "Foundation\Zags.Web\Zags.Web.csproj", "{D74A82DB-6BBE-48F0-8E8D-1C7679D50B94}"
EndProject
Project("{FAE04EC0-301F-11D3-BF4B-00C04F79EFBC}") = "Zags.Web.Nancy", "Foundation\Zags.Web.Nancy\Zags.Web.Nancy.csproj", "{8904C20D-7DD1-451A-B77D-58513B0034AF}"
EndProject
Project("{FAE04EC0-301F-11D3-BF4B-00C04F79EFBC}") = "Zags.Web.Nancy.Unity", "Foundation\Zags.Web.Nancy.Unity\Zags.Web.Nancy.Unity.csproj", "{BD9458C1-93EA-4598-B81E-089F83C64651}"
EndProject
Project("{FAE04EC0-301F-11D3-BF4B-00C04F79EFBC}") = "Zags.Web.HttpClient", "Foundation\Zags.Web.HttpClient\Zags.Web.HttpClient.csproj", "{C593E494-4951-4B45-8F8C-5109D6F0A53C}"
EndProject
Project("{FAE04EC0-301F-11D3-BF4B-00C04F79EFBC}") = "Zags.Application.Brighter.Nancy", "Foundation\Zags.Application.Brighter.Nancy\Zags.Application.Brighter.Nancy.csproj", "{35DF1835-EAF1-459A-8B85-FF5A23FB5926}"
EndProject
Project("{FAE04EC0-301F-11D3-BF4B-00C04F79EFBC}") = "Zags.Application.Brighter.Unity", "Foundation\Zags.Application.Brighter.Unity\Zags.Application.Brighter.Unity.csproj", "{704A789C-0806-4013-8BA8-C7C3B39B28B4}"
EndProject
Project("{FAE04EC0-301F-11D3-BF4B-00C04F79EFBC}") = "Zags.Application.Brighter", "Foundation\Zags.Application.Brighter\Zags.Application.Brighter.csproj", "{7C7CE641-76F1-4DE9-9CD0-7DA2134480D2}"
EndProject
Project("{FAE04EC0-301F-11D3-BF4B-00C04F79EFBC}") = "Zags.Logging.Serilog", "Foundation\Zags.Logging.Serilog\Zags.Logging.Serilog.csproj", "{7DB7C2E5-B7F4-4728-9C41-8684E4311169}"
EndProject
Project("{FAE04EC0-301F-11D3-BF4B-00C04F79EFBC}") = "Zags.DataAccess.EF", "Foundation\Zags.DataAccess.EF\Zags.DataAccess.EF.csproj", "{EF5B8294-5D25-4393-B03E-46E01E18E376}"
EndProject
Project("{FAE04EC0-301F-11D3-BF4B-00C04F79EFBC}") = "Zags.Domain.Tracking", "Foundation\Zags.Domain.Tracking\Zags.Domain.Tracking.csproj", "{CE837AE8-5D65-4853-B051-AE5722019E74}"
EndProject
Project("{2150E333-8FDC-42A3-9474-1A3956D46DE8}") = "IdentityServer", "IdentityServer", "{A221FCB1-301E-49B2-B257-F926E75C21E8}"
EndProject
Project("{FAE04EC0-301F-11D3-BF4B-00C04F79EFBC}") = "Zags.IdentityServer", "IdentityServer\Zags.IdentityServer\Zags.IdentityServer.csproj", "{DDBCA72A-CF60-42D8-9BF5-98F5A98D4F14}"
EndProject
Project("{FAE04EC0-301F-11D3-BF4B-00C04F79EFBC}") = "Zags.IdentityServer.Client", "IdentityServer\Zags.IdentityServer.Client\Zags.IdentityServer.Client.csproj", "{82D525E0-4780-42D8-A91D-6322AE257ED7}"
EndProject
Project("{FAE04EC0-301F-11D3-BF4B-00C04F79EFBC}") = "Zags.OrganizationService.HttpClient", "OrganizationService\Zags.OrganizationService.HttpClient\Zags.OrganizationService.HttpClient.csproj", "{4E174179-D61A-4003-8AA7-6D1A510CA8EF}"
EndProject
Project("{FAE04EC0-301F-11D3-BF4B-00C04F79EFBC}") = "Zags.OrganizationService.Application.Host.TopShelf", "OrganizationService\Zags.OrganizationService.Application.Host.TopShelf\Zags.OrganizationService.Application.Host.TopShelf.csproj", "{CC529F11-2751-4201-9B8E-389D62466C83}"
EndProject
Project("{FAE04EC0-301F-11D3-BF4B-00C04F79EFBC}") = "Zags.Web.Security", "Foundation\Zags.Web.Security\Zags.Web.Security.csproj", "{B730E316-BD35-4015-9B85-C12CE4E403F5}"
EndProject
Project("{2150E333-8FDC-42A3-9474-1A3956D46DE8}") = "AdministrationService", "AdministrationService", "{3C761FEF-77DF-452E-AAC9-AFCC1500124D}"
EndProject
Project("{2150E333-8FDC-42A3-9474-1A3956D46DE8}") = "Configuration", "Configuration", "{D4B8D46A-74B3-46C8-A062-389BDA6780AA}"
EndProject
Project("{FAE04EC0-301F-11D3-BF4B-00C04F79EFBC}") = "Zags.AdministrationService.Configuration.API", "Zags.AdministrationService.Configuration.API\Zags.AdministrationService.Configuration.API.csproj", "{5929D845-E734-48CB-ABA3-08D1603690F3}"
EndProject
Project("{FAE04EC0-301F-11D3-BF4B-00C04F79EFBC}") = "Zags.DataAccess", "Foundation\Zags.DataAccess\Zags.DataAccess.csproj", "{6A1856D9-5077-4B67-892B-0C156BE841D7}"
EndProject
Global
	GlobalSection(SolutionConfigurationPlatforms) = preSolution
		Debug|Any CPU = Debug|Any CPU
		Release|Any CPU = Release|Any CPU
	EndGlobalSection
	GlobalSection(ProjectConfigurationPlatforms) = postSolution
		{17535BF2-88B0-47FC-BC41-CF8A3BF81E5C}.Debug|Any CPU.ActiveCfg = Debug|Any CPU
		{17535BF2-88B0-47FC-BC41-CF8A3BF81E5C}.Debug|Any CPU.Build.0 = Debug|Any CPU
		{17535BF2-88B0-47FC-BC41-CF8A3BF81E5C}.Release|Any CPU.ActiveCfg = Release|Any CPU
		{17535BF2-88B0-47FC-BC41-CF8A3BF81E5C}.Release|Any CPU.Build.0 = Release|Any CPU
		{22D6A57E-7575-4087-99C3-50078183B142}.Debug|Any CPU.ActiveCfg = Debug|Any CPU
		{22D6A57E-7575-4087-99C3-50078183B142}.Debug|Any CPU.Build.0 = Debug|Any CPU
		{22D6A57E-7575-4087-99C3-50078183B142}.Release|Any CPU.ActiveCfg = Release|Any CPU
		{22D6A57E-7575-4087-99C3-50078183B142}.Release|Any CPU.Build.0 = Release|Any CPU
		{D730344D-1560-434A-8B45-9BF073ABE935}.Debug|Any CPU.ActiveCfg = Debug|Any CPU
		{D730344D-1560-434A-8B45-9BF073ABE935}.Debug|Any CPU.Build.0 = Debug|Any CPU
		{D730344D-1560-434A-8B45-9BF073ABE935}.Release|Any CPU.ActiveCfg = Release|Any CPU
		{D730344D-1560-434A-8B45-9BF073ABE935}.Release|Any CPU.Build.0 = Release|Any CPU
		{A4FE30AE-7D7D-4C01-A9AA-EAEE0297DD3A}.Debug|Any CPU.ActiveCfg = Debug|Any CPU
		{A4FE30AE-7D7D-4C01-A9AA-EAEE0297DD3A}.Debug|Any CPU.Build.0 = Debug|Any CPU
		{A4FE30AE-7D7D-4C01-A9AA-EAEE0297DD3A}.Release|Any CPU.ActiveCfg = Release|Any CPU
		{A4FE30AE-7D7D-4C01-A9AA-EAEE0297DD3A}.Release|Any CPU.Build.0 = Release|Any CPU
		{E5D55C47-FAB4-49D7-ACC3-28F7E46A8042}.Debug|Any CPU.ActiveCfg = Debug|Any CPU
		{E5D55C47-FAB4-49D7-ACC3-28F7E46A8042}.Debug|Any CPU.Build.0 = Debug|Any CPU
		{E5D55C47-FAB4-49D7-ACC3-28F7E46A8042}.Release|Any CPU.ActiveCfg = Release|Any CPU
		{E5D55C47-FAB4-49D7-ACC3-28F7E46A8042}.Release|Any CPU.Build.0 = Release|Any CPU
		{9E2581D9-3917-4CCF-B232-1C63E7D2ED6B}.Debug|Any CPU.ActiveCfg = Debug|Any CPU
		{9E2581D9-3917-4CCF-B232-1C63E7D2ED6B}.Debug|Any CPU.Build.0 = Debug|Any CPU
		{9E2581D9-3917-4CCF-B232-1C63E7D2ED6B}.Release|Any CPU.ActiveCfg = Release|Any CPU
		{9E2581D9-3917-4CCF-B232-1C63E7D2ED6B}.Release|Any CPU.Build.0 = Release|Any CPU
		{76FEF99F-C246-46AC-B046-56A9382B3C84}.Debug|Any CPU.ActiveCfg = Debug|Any CPU
		{76FEF99F-C246-46AC-B046-56A9382B3C84}.Debug|Any CPU.Build.0 = Debug|Any CPU
		{76FEF99F-C246-46AC-B046-56A9382B3C84}.Release|Any CPU.ActiveCfg = Release|Any CPU
		{76FEF99F-C246-46AC-B046-56A9382B3C84}.Release|Any CPU.Build.0 = Release|Any CPU
		{230E3368-25B9-4FEF-BC62-67E5F93B2B84}.Debug|Any CPU.ActiveCfg = Debug|Any CPU
		{230E3368-25B9-4FEF-BC62-67E5F93B2B84}.Debug|Any CPU.Build.0 = Debug|Any CPU
		{230E3368-25B9-4FEF-BC62-67E5F93B2B84}.Release|Any CPU.ActiveCfg = Release|Any CPU
		{230E3368-25B9-4FEF-BC62-67E5F93B2B84}.Release|Any CPU.Build.0 = Release|Any CPU
		{1AFD3D64-F1B6-4D5E-94B7-0DBBA0DF29AB}.Debug|Any CPU.ActiveCfg = Debug|Any CPU
		{1AFD3D64-F1B6-4D5E-94B7-0DBBA0DF29AB}.Debug|Any CPU.Build.0 = Debug|Any CPU
		{1AFD3D64-F1B6-4D5E-94B7-0DBBA0DF29AB}.Release|Any CPU.ActiveCfg = Release|Any CPU
		{1AFD3D64-F1B6-4D5E-94B7-0DBBA0DF29AB}.Release|Any CPU.Build.0 = Release|Any CPU
		{AB06F28F-6BE1-4983-932E-EABAB1733276}.Debug|Any CPU.ActiveCfg = Debug|Any CPU
		{AB06F28F-6BE1-4983-932E-EABAB1733276}.Debug|Any CPU.Build.0 = Debug|Any CPU
		{AB06F28F-6BE1-4983-932E-EABAB1733276}.Release|Any CPU.ActiveCfg = Release|Any CPU
		{AB06F28F-6BE1-4983-932E-EABAB1733276}.Release|Any CPU.Build.0 = Release|Any CPU
		{8D5DE877-6793-414C-B66A-18F1D3BF9E9B}.Debug|Any CPU.ActiveCfg = Debug|Any CPU
		{8D5DE877-6793-414C-B66A-18F1D3BF9E9B}.Debug|Any CPU.Build.0 = Debug|Any CPU
		{8D5DE877-6793-414C-B66A-18F1D3BF9E9B}.Release|Any CPU.ActiveCfg = Release|Any CPU
		{8D5DE877-6793-414C-B66A-18F1D3BF9E9B}.Release|Any CPU.Build.0 = Release|Any CPU
		{757B16AA-A740-401B-B037-30A1AC0B054E}.Debug|Any CPU.ActiveCfg = Debug|Any CPU
		{757B16AA-A740-401B-B037-30A1AC0B054E}.Debug|Any CPU.Build.0 = Debug|Any CPU
		{757B16AA-A740-401B-B037-30A1AC0B054E}.Release|Any CPU.ActiveCfg = Release|Any CPU
		{757B16AA-A740-401B-B037-30A1AC0B054E}.Release|Any CPU.Build.0 = Release|Any CPU
		{6C997232-423E-42CD-844E-D8AC2B83EE3F}.Debug|Any CPU.ActiveCfg = Debug|Any CPU
		{6C997232-423E-42CD-844E-D8AC2B83EE3F}.Debug|Any CPU.Build.0 = Debug|Any CPU
		{6C997232-423E-42CD-844E-D8AC2B83EE3F}.Release|Any CPU.ActiveCfg = Release|Any CPU
		{6C997232-423E-42CD-844E-D8AC2B83EE3F}.Release|Any CPU.Build.0 = Release|Any CPU
		{55557C2B-665C-4A62-9833-8ABD7B4FEFEB}.Debug|Any CPU.ActiveCfg = Debug|Any CPU
		{55557C2B-665C-4A62-9833-8ABD7B4FEFEB}.Debug|Any CPU.Build.0 = Debug|Any CPU
		{55557C2B-665C-4A62-9833-8ABD7B4FEFEB}.Release|Any CPU.ActiveCfg = Release|Any CPU
		{55557C2B-665C-4A62-9833-8ABD7B4FEFEB}.Release|Any CPU.Build.0 = Release|Any CPU
		{862A8FB6-9327-4DBC-BF1A-2AF95DEB21C5}.Debug|Any CPU.ActiveCfg = Debug|Any CPU
		{862A8FB6-9327-4DBC-BF1A-2AF95DEB21C5}.Debug|Any CPU.Build.0 = Debug|Any CPU
		{862A8FB6-9327-4DBC-BF1A-2AF95DEB21C5}.Release|Any CPU.ActiveCfg = Release|Any CPU
		{862A8FB6-9327-4DBC-BF1A-2AF95DEB21C5}.Release|Any CPU.Build.0 = Release|Any CPU
		{E628DB85-311C-4724-831B-C63A81352DB7}.Debug|Any CPU.ActiveCfg = Debug|Any CPU
		{E628DB85-311C-4724-831B-C63A81352DB7}.Debug|Any CPU.Build.0 = Debug|Any CPU
		{E628DB85-311C-4724-831B-C63A81352DB7}.Release|Any CPU.ActiveCfg = Release|Any CPU
		{E628DB85-311C-4724-831B-C63A81352DB7}.Release|Any CPU.Build.0 = Release|Any CPU
		{432EFBF3-51A9-4851-98C4-D68DBB7ABA05}.Debug|Any CPU.ActiveCfg = Debug|Any CPU
		{432EFBF3-51A9-4851-98C4-D68DBB7ABA05}.Debug|Any CPU.Build.0 = Debug|Any CPU
		{432EFBF3-51A9-4851-98C4-D68DBB7ABA05}.Release|Any CPU.ActiveCfg = Release|Any CPU
		{432EFBF3-51A9-4851-98C4-D68DBB7ABA05}.Release|Any CPU.Build.0 = Release|Any CPU
		{00E01CE4-5F33-4B1B-9BD6-13E28C5E406B}.Debug|Any CPU.ActiveCfg = Debug|Any CPU
		{00E01CE4-5F33-4B1B-9BD6-13E28C5E406B}.Debug|Any CPU.Build.0 = Debug|Any CPU
		{00E01CE4-5F33-4B1B-9BD6-13E28C5E406B}.Release|Any CPU.ActiveCfg = Release|Any CPU
		{00E01CE4-5F33-4B1B-9BD6-13E28C5E406B}.Release|Any CPU.Build.0 = Release|Any CPU
		{D74A82DB-6BBE-48F0-8E8D-1C7679D50B94}.Debug|Any CPU.ActiveCfg = Debug|Any CPU
		{D74A82DB-6BBE-48F0-8E8D-1C7679D50B94}.Debug|Any CPU.Build.0 = Debug|Any CPU
		{D74A82DB-6BBE-48F0-8E8D-1C7679D50B94}.Release|Any CPU.ActiveCfg = Release|Any CPU
		{D74A82DB-6BBE-48F0-8E8D-1C7679D50B94}.Release|Any CPU.Build.0 = Release|Any CPU
		{8904C20D-7DD1-451A-B77D-58513B0034AF}.Debug|Any CPU.ActiveCfg = Debug|Any CPU
		{8904C20D-7DD1-451A-B77D-58513B0034AF}.Debug|Any CPU.Build.0 = Debug|Any CPU
		{8904C20D-7DD1-451A-B77D-58513B0034AF}.Release|Any CPU.ActiveCfg = Release|Any CPU
		{8904C20D-7DD1-451A-B77D-58513B0034AF}.Release|Any CPU.Build.0 = Release|Any CPU
		{BD9458C1-93EA-4598-B81E-089F83C64651}.Debug|Any CPU.ActiveCfg = Debug|Any CPU
		{BD9458C1-93EA-4598-B81E-089F83C64651}.Debug|Any CPU.Build.0 = Debug|Any CPU
		{BD9458C1-93EA-4598-B81E-089F83C64651}.Release|Any CPU.ActiveCfg = Release|Any CPU
		{BD9458C1-93EA-4598-B81E-089F83C64651}.Release|Any CPU.Build.0 = Release|Any CPU
		{C593E494-4951-4B45-8F8C-5109D6F0A53C}.Debug|Any CPU.ActiveCfg = Debug|Any CPU
		{C593E494-4951-4B45-8F8C-5109D6F0A53C}.Debug|Any CPU.Build.0 = Debug|Any CPU
		{C593E494-4951-4B45-8F8C-5109D6F0A53C}.Release|Any CPU.ActiveCfg = Release|Any CPU
		{C593E494-4951-4B45-8F8C-5109D6F0A53C}.Release|Any CPU.Build.0 = Release|Any CPU
		{35DF1835-EAF1-459A-8B85-FF5A23FB5926}.Debug|Any CPU.ActiveCfg = Debug|Any CPU
		{35DF1835-EAF1-459A-8B85-FF5A23FB5926}.Debug|Any CPU.Build.0 = Debug|Any CPU
		{35DF1835-EAF1-459A-8B85-FF5A23FB5926}.Release|Any CPU.ActiveCfg = Release|Any CPU
		{35DF1835-EAF1-459A-8B85-FF5A23FB5926}.Release|Any CPU.Build.0 = Release|Any CPU
		{704A789C-0806-4013-8BA8-C7C3B39B28B4}.Debug|Any CPU.ActiveCfg = Debug|Any CPU
		{704A789C-0806-4013-8BA8-C7C3B39B28B4}.Debug|Any CPU.Build.0 = Debug|Any CPU
		{704A789C-0806-4013-8BA8-C7C3B39B28B4}.Release|Any CPU.ActiveCfg = Release|Any CPU
		{704A789C-0806-4013-8BA8-C7C3B39B28B4}.Release|Any CPU.Build.0 = Release|Any CPU
		{7C7CE641-76F1-4DE9-9CD0-7DA2134480D2}.Debug|Any CPU.ActiveCfg = Debug|Any CPU
		{7C7CE641-76F1-4DE9-9CD0-7DA2134480D2}.Debug|Any CPU.Build.0 = Debug|Any CPU
		{7C7CE641-76F1-4DE9-9CD0-7DA2134480D2}.Release|Any CPU.ActiveCfg = Release|Any CPU
		{7C7CE641-76F1-4DE9-9CD0-7DA2134480D2}.Release|Any CPU.Build.0 = Release|Any CPU
		{7DB7C2E5-B7F4-4728-9C41-8684E4311169}.Debug|Any CPU.ActiveCfg = Debug|Any CPU
		{7DB7C2E5-B7F4-4728-9C41-8684E4311169}.Debug|Any CPU.Build.0 = Debug|Any CPU
		{7DB7C2E5-B7F4-4728-9C41-8684E4311169}.Release|Any CPU.ActiveCfg = Release|Any CPU
		{7DB7C2E5-B7F4-4728-9C41-8684E4311169}.Release|Any CPU.Build.0 = Release|Any CPU
		{EF5B8294-5D25-4393-B03E-46E01E18E376}.Debug|Any CPU.ActiveCfg = Debug|Any CPU
		{EF5B8294-5D25-4393-B03E-46E01E18E376}.Debug|Any CPU.Build.0 = Debug|Any CPU
		{EF5B8294-5D25-4393-B03E-46E01E18E376}.Release|Any CPU.ActiveCfg = Release|Any CPU
		{EF5B8294-5D25-4393-B03E-46E01E18E376}.Release|Any CPU.Build.0 = Release|Any CPU
		{CE837AE8-5D65-4853-B051-AE5722019E74}.Debug|Any CPU.ActiveCfg = Debug|Any CPU
		{CE837AE8-5D65-4853-B051-AE5722019E74}.Debug|Any CPU.Build.0 = Debug|Any CPU
		{CE837AE8-5D65-4853-B051-AE5722019E74}.Release|Any CPU.ActiveCfg = Release|Any CPU
		{CE837AE8-5D65-4853-B051-AE5722019E74}.Release|Any CPU.Build.0 = Release|Any CPU
		{DDBCA72A-CF60-42D8-9BF5-98F5A98D4F14}.Debug|Any CPU.ActiveCfg = Debug|Any CPU
		{DDBCA72A-CF60-42D8-9BF5-98F5A98D4F14}.Debug|Any CPU.Build.0 = Debug|Any CPU
		{DDBCA72A-CF60-42D8-9BF5-98F5A98D4F14}.Release|Any CPU.ActiveCfg = Release|Any CPU
		{DDBCA72A-CF60-42D8-9BF5-98F5A98D4F14}.Release|Any CPU.Build.0 = Release|Any CPU
		{82D525E0-4780-42D8-A91D-6322AE257ED7}.Debug|Any CPU.ActiveCfg = Debug|Any CPU
		{82D525E0-4780-42D8-A91D-6322AE257ED7}.Debug|Any CPU.Build.0 = Debug|Any CPU
		{82D525E0-4780-42D8-A91D-6322AE257ED7}.Release|Any CPU.ActiveCfg = Release|Any CPU
		{82D525E0-4780-42D8-A91D-6322AE257ED7}.Release|Any CPU.Build.0 = Release|Any CPU
		{4E174179-D61A-4003-8AA7-6D1A510CA8EF}.Debug|Any CPU.ActiveCfg = Debug|Any CPU
		{4E174179-D61A-4003-8AA7-6D1A510CA8EF}.Debug|Any CPU.Build.0 = Debug|Any CPU
		{4E174179-D61A-4003-8AA7-6D1A510CA8EF}.Release|Any CPU.ActiveCfg = Release|Any CPU
		{4E174179-D61A-4003-8AA7-6D1A510CA8EF}.Release|Any CPU.Build.0 = Release|Any CPU
		{CC529F11-2751-4201-9B8E-389D62466C83}.Debug|Any CPU.ActiveCfg = Debug|Any CPU
		{CC529F11-2751-4201-9B8E-389D62466C83}.Debug|Any CPU.Build.0 = Debug|Any CPU
		{CC529F11-2751-4201-9B8E-389D62466C83}.Release|Any CPU.ActiveCfg = Release|Any CPU
		{CC529F11-2751-4201-9B8E-389D62466C83}.Release|Any CPU.Build.0 = Release|Any CPU
		{B730E316-BD35-4015-9B85-C12CE4E403F5}.Debug|Any CPU.ActiveCfg = Debug|Any CPU
		{B730E316-BD35-4015-9B85-C12CE4E403F5}.Debug|Any CPU.Build.0 = Debug|Any CPU
		{B730E316-BD35-4015-9B85-C12CE4E403F5}.Release|Any CPU.ActiveCfg = Release|Any CPU
		{B730E316-BD35-4015-9B85-C12CE4E403F5}.Release|Any CPU.Build.0 = Release|Any CPU
		{5929D845-E734-48CB-ABA3-08D1603690F3}.Debug|Any CPU.ActiveCfg = Debug|Any CPU
		{5929D845-E734-48CB-ABA3-08D1603690F3}.Debug|Any CPU.Build.0 = Debug|Any CPU
		{5929D845-E734-48CB-ABA3-08D1603690F3}.Release|Any CPU.ActiveCfg = Release|Any CPU
		{5929D845-E734-48CB-ABA3-08D1603690F3}.Release|Any CPU.Build.0 = Release|Any CPU
		{6A1856D9-5077-4B67-892B-0C156BE841D7}.Debug|Any CPU.ActiveCfg = Debug|Any CPU
		{6A1856D9-5077-4B67-892B-0C156BE841D7}.Debug|Any CPU.Build.0 = Debug|Any CPU
		{6A1856D9-5077-4B67-892B-0C156BE841D7}.Release|Any CPU.ActiveCfg = Release|Any CPU
		{6A1856D9-5077-4B67-892B-0C156BE841D7}.Release|Any CPU.Build.0 = Release|Any CPU
	EndGlobalSection
	GlobalSection(SolutionProperties) = preSolution
		HideSolutionNode = FALSE
	EndGlobalSection
	GlobalSection(NestedProjects) = preSolution
		{17535BF2-88B0-47FC-BC41-CF8A3BF81E5C} = {4AF174D2-F759-4FFF-B870-B64286229D19}
		{22D6A57E-7575-4087-99C3-50078183B142} = {4AF174D2-F759-4FFF-B870-B64286229D19}
		{D730344D-1560-434A-8B45-9BF073ABE935} = {4AF174D2-F759-4FFF-B870-B64286229D19}
		{A4FE30AE-7D7D-4C01-A9AA-EAEE0297DD3A} = {4AF174D2-F759-4FFF-B870-B64286229D19}
		{E5D55C47-FAB4-49D7-ACC3-28F7E46A8042} = {4AF174D2-F759-4FFF-B870-B64286229D19}
		{9E2581D9-3917-4CCF-B232-1C63E7D2ED6B} = {4AF174D2-F759-4FFF-B870-B64286229D19}
		{76FEF99F-C246-46AC-B046-56A9382B3C84} = {4AF174D2-F759-4FFF-B870-B64286229D19}
		{230E3368-25B9-4FEF-BC62-67E5F93B2B84} = {4AF174D2-F759-4FFF-B870-B64286229D19}
		{1AFD3D64-F1B6-4D5E-94B7-0DBBA0DF29AB} = {4AF174D2-F759-4FFF-B870-B64286229D19}
		{AB06F28F-6BE1-4983-932E-EABAB1733276} = {4AF174D2-F759-4FFF-B870-B64286229D19}
		{8D5DE877-6793-414C-B66A-18F1D3BF9E9B} = {4AF174D2-F759-4FFF-B870-B64286229D19}
		{757B16AA-A740-401B-B037-30A1AC0B054E} = {4AF174D2-F759-4FFF-B870-B64286229D19}
		{6C997232-423E-42CD-844E-D8AC2B83EE3F} = {7B33A774-630B-46E7-B115-447C8608E552}
		{55557C2B-665C-4A62-9833-8ABD7B4FEFEB} = {7B33A774-630B-46E7-B115-447C8608E552}
		{862A8FB6-9327-4DBC-BF1A-2AF95DEB21C5} = {7B33A774-630B-46E7-B115-447C8608E552}
		{E628DB85-311C-4724-831B-C63A81352DB7} = {7B33A774-630B-46E7-B115-447C8608E552}
		{432EFBF3-51A9-4851-98C4-D68DBB7ABA05} = {7B33A774-630B-46E7-B115-447C8608E552}
		{00E01CE4-5F33-4B1B-9BD6-13E28C5E406B} = {7B33A774-630B-46E7-B115-447C8608E552}
		{D74A82DB-6BBE-48F0-8E8D-1C7679D50B94} = {7B33A774-630B-46E7-B115-447C8608E552}
		{8904C20D-7DD1-451A-B77D-58513B0034AF} = {7B33A774-630B-46E7-B115-447C8608E552}
		{BD9458C1-93EA-4598-B81E-089F83C64651} = {7B33A774-630B-46E7-B115-447C8608E552}
		{C593E494-4951-4B45-8F8C-5109D6F0A53C} = {7B33A774-630B-46E7-B115-447C8608E552}
		{35DF1835-EAF1-459A-8B85-FF5A23FB5926} = {7B33A774-630B-46E7-B115-447C8608E552}
		{704A789C-0806-4013-8BA8-C7C3B39B28B4} = {7B33A774-630B-46E7-B115-447C8608E552}
		{7C7CE641-76F1-4DE9-9CD0-7DA2134480D2} = {7B33A774-630B-46E7-B115-447C8608E552}
		{7DB7C2E5-B7F4-4728-9C41-8684E4311169} = {7B33A774-630B-46E7-B115-447C8608E552}
		{EF5B8294-5D25-4393-B03E-46E01E18E376} = {7B33A774-630B-46E7-B115-447C8608E552}
		{CE837AE8-5D65-4853-B051-AE5722019E74} = {7B33A774-630B-46E7-B115-447C8608E552}
		{DDBCA72A-CF60-42D8-9BF5-98F5A98D4F14} = {A221FCB1-301E-49B2-B257-F926E75C21E8}
		{82D525E0-4780-42D8-A91D-6322AE257ED7} = {A221FCB1-301E-49B2-B257-F926E75C21E8}
		{4E174179-D61A-4003-8AA7-6D1A510CA8EF} = {4AF174D2-F759-4FFF-B870-B64286229D19}
		{CC529F11-2751-4201-9B8E-389D62466C83} = {4AF174D2-F759-4FFF-B870-B64286229D19}
		{B730E316-BD35-4015-9B85-C12CE4E403F5} = {7B33A774-630B-46E7-B115-447C8608E552}
		{D4B8D46A-74B3-46C8-A062-389BDA6780AA} = {3C761FEF-77DF-452E-AAC9-AFCC1500124D}
		{5929D845-E734-48CB-ABA3-08D1603690F3} = {D4B8D46A-74B3-46C8-A062-389BDA6780AA}
		{6A1856D9-5077-4B67-892B-0C156BE841D7} = {7B33A774-630B-46E7-B115-447C8608E552}
	EndGlobalSection
EndGlobal
