
Microsoft Visual Studio Solution File, Format Version 12.00
# Visual Studio 15
VisualStudioVersion = 15.0.26020.0
MinimumVisualStudioVersion = 10.0.40219.1
Project("{2150E333-8FDC-42A3-9474-1A3956D46DE8}") = "src", "src", "{145B6630-29D1-45E0-A4E2-4AE5EA133C1F}"
EndProject
Project("{2150E333-8FDC-42A3-9474-1A3956D46DE8}") = "Foundation", "Foundation", "{1610A14C-0BCE-463A-BECD-A890BB0B675B}"
EndProject
Project("{9A19103F-16F7-4668-BE54-9A1E7A4F7556}") = "ZAGS.Domain", "Foundation\ZAGS.Domain\ZAGS.Domain.csproj", "{1597BB2F-A9EA-456B-903A-A5C46B44DB0D}"
EndProject
Project("{9A19103F-16F7-4668-BE54-9A1E7A4F7556}") = "Zags.ProductFactory.Domain", "ProductFactory\Zags.ProductFactory.Domain\Zags.ProductFactory.Domain.csproj", "{4B474B1B-9EF3-49B4-8445-1288B7FBDFC0}"
EndProject
Project("{9A19103F-16F7-4668-BE54-9A1E7A4F7556}") = "Zags.ProductFactory.Application", "ProductFactory\Zags.ProductFactory.Application\Zags.ProductFactory.Application.csproj", "{B94DF8DB-763B-4B82-BD0E-698D976A9EDD}"
EndProject
Project("{9A19103F-16F7-4668-BE54-9A1E7A4F7556}") = "ZAGS.ProductFactory.WebAPI", "ProductFactory\ZAGS.ProductFactory.WebAPI\ZAGS.ProductFactory.WebAPI.csproj", "{F6CF494D-687D-4237-831A-197C9D81F3FD}"
EndProject
Project("{9A19103F-16F7-4668-BE54-9A1E7A4F7556}") = "Zags.DataAccess.Dapper", "Foundation\Zags.DataAccess.Dapper\Zags.DataAccess.Dapper.csproj", "{D8C093E1-CF7B-4602-9D44-0219BBD48B25}"
EndProject
Project("{9A19103F-16F7-4668-BE54-9A1E7A4F7556}") = "Zags.DataAccess.EF", "Foundation\Zags.DataAccess.EF\Zags.DataAccess.EF.csproj", "{E65BCD50-8DA5-4A5E-B30B-4FCEA1C17591}"
EndProject
Project("{9A19103F-16F7-4668-BE54-9A1E7A4F7556}") = "Zags.ProductFactory.Database", "ProductFactory\Zags.ProductFactory.Database\Zags.ProductFactory.Database.csproj", "{281F6811-C219-43F0-866E-AE1C9DE8892E}"
EndProject
Project("{9A19103F-16F7-4668-BE54-9A1E7A4F7556}") = "Zags.Utility", "Foundation\Zags.Utility\Zags.Utility.csproj", "{C9C6950A-7987-4F7B-90BD-577B7B4891E1}"
EndProject
Project("{2150E333-8FDC-42A3-9474-1A3956D46DE8}") = "Tests", "Tests", "{C3EBC797-8E26-410D-A9EE-422592A7468E}"
EndProject
Project("{FAE04EC0-301F-11D3-BF4B-00C04F79EFBC}") = "Zags.ProductFactory.Application.Tests", "tests\Zags.ProductFactory.ApplicationTests\Zags.ProductFactory.Application.Tests.csproj", "{52873E35-CB84-470D-B4F7-D30C1D50FE5F}"
EndProject
Project("{9A19103F-16F7-4668-BE54-9A1E7A4F7556}") = "Zags.Logging", "Foundation\Zags.Logging\Zags.Logging.csproj", "{934EDB76-613D-42E6-B5C2-6637D50BC5C0}"
EndProject
Global
	GlobalSection(SolutionConfigurationPlatforms) = preSolution
		Debug|Any CPU = Debug|Any CPU
		Debug|x64 = Debug|x64
		Debug|x86 = Debug|x86
		Release|Any CPU = Release|Any CPU
		Release|x64 = Release|x64
		Release|x86 = Release|x86
	EndGlobalSection
	GlobalSection(ProjectConfigurationPlatforms) = postSolution
		{1597BB2F-A9EA-456B-903A-A5C46B44DB0D}.Debug|Any CPU.ActiveCfg = Debug|Any CPU
		{1597BB2F-A9EA-456B-903A-A5C46B44DB0D}.Debug|Any CPU.Build.0 = Debug|Any CPU
		{1597BB2F-A9EA-456B-903A-A5C46B44DB0D}.Debug|x64.ActiveCfg = Debug|x64
		{1597BB2F-A9EA-456B-903A-A5C46B44DB0D}.Debug|x64.Build.0 = Debug|x64
		{1597BB2F-A9EA-456B-903A-A5C46B44DB0D}.Debug|x86.ActiveCfg = Debug|x86
		{1597BB2F-A9EA-456B-903A-A5C46B44DB0D}.Debug|x86.Build.0 = Debug|x86
		{1597BB2F-A9EA-456B-903A-A5C46B44DB0D}.Release|Any CPU.ActiveCfg = Release|Any CPU
		{1597BB2F-A9EA-456B-903A-A5C46B44DB0D}.Release|Any CPU.Build.0 = Release|Any CPU
		{1597BB2F-A9EA-456B-903A-A5C46B44DB0D}.Release|x64.ActiveCfg = Release|x64
		{1597BB2F-A9EA-456B-903A-A5C46B44DB0D}.Release|x64.Build.0 = Release|x64
		{1597BB2F-A9EA-456B-903A-A5C46B44DB0D}.Release|x86.ActiveCfg = Release|x86
		{1597BB2F-A9EA-456B-903A-A5C46B44DB0D}.Release|x86.Build.0 = Release|x86
		{4B474B1B-9EF3-49B4-8445-1288B7FBDFC0}.Debug|Any CPU.ActiveCfg = Debug|Any CPU
		{4B474B1B-9EF3-49B4-8445-1288B7FBDFC0}.Debug|Any CPU.Build.0 = Debug|Any CPU
		{4B474B1B-9EF3-49B4-8445-1288B7FBDFC0}.Debug|x64.ActiveCfg = Debug|x64
		{4B474B1B-9EF3-49B4-8445-1288B7FBDFC0}.Debug|x64.Build.0 = Debug|x64
		{4B474B1B-9EF3-49B4-8445-1288B7FBDFC0}.Debug|x86.ActiveCfg = Debug|x86
		{4B474B1B-9EF3-49B4-8445-1288B7FBDFC0}.Debug|x86.Build.0 = Debug|x86
		{4B474B1B-9EF3-49B4-8445-1288B7FBDFC0}.Release|Any CPU.ActiveCfg = Release|Any CPU
		{4B474B1B-9EF3-49B4-8445-1288B7FBDFC0}.Release|Any CPU.Build.0 = Release|Any CPU
		{4B474B1B-9EF3-49B4-8445-1288B7FBDFC0}.Release|x64.ActiveCfg = Release|x64
		{4B474B1B-9EF3-49B4-8445-1288B7FBDFC0}.Release|x64.Build.0 = Release|x64
		{4B474B1B-9EF3-49B4-8445-1288B7FBDFC0}.Release|x86.ActiveCfg = Release|x86
		{4B474B1B-9EF3-49B4-8445-1288B7FBDFC0}.Release|x86.Build.0 = Release|x86
		{B94DF8DB-763B-4B82-BD0E-698D976A9EDD}.Debug|Any CPU.ActiveCfg = Debug|Any CPU
		{B94DF8DB-763B-4B82-BD0E-698D976A9EDD}.Debug|Any CPU.Build.0 = Debug|Any CPU
		{B94DF8DB-763B-4B82-BD0E-698D976A9EDD}.Debug|x64.ActiveCfg = Debug|x64
		{B94DF8DB-763B-4B82-BD0E-698D976A9EDD}.Debug|x64.Build.0 = Debug|x64
		{B94DF8DB-763B-4B82-BD0E-698D976A9EDD}.Debug|x86.ActiveCfg = Debug|x86
		{B94DF8DB-763B-4B82-BD0E-698D976A9EDD}.Debug|x86.Build.0 = Debug|x86
		{B94DF8DB-763B-4B82-BD0E-698D976A9EDD}.Release|Any CPU.ActiveCfg = Release|Any CPU
		{B94DF8DB-763B-4B82-BD0E-698D976A9EDD}.Release|Any CPU.Build.0 = Release|Any CPU
		{B94DF8DB-763B-4B82-BD0E-698D976A9EDD}.Release|x64.ActiveCfg = Release|x64
		{B94DF8DB-763B-4B82-BD0E-698D976A9EDD}.Release|x64.Build.0 = Release|x64
		{B94DF8DB-763B-4B82-BD0E-698D976A9EDD}.Release|x86.ActiveCfg = Release|x86
		{B94DF8DB-763B-4B82-BD0E-698D976A9EDD}.Release|x86.Build.0 = Release|x86
		{F6CF494D-687D-4237-831A-197C9D81F3FD}.Debug|Any CPU.ActiveCfg = Debug|Any CPU
		{F6CF494D-687D-4237-831A-197C9D81F3FD}.Debug|Any CPU.Build.0 = Debug|Any CPU
		{F6CF494D-687D-4237-831A-197C9D81F3FD}.Debug|x64.ActiveCfg = Debug|x64
		{F6CF494D-687D-4237-831A-197C9D81F3FD}.Debug|x64.Build.0 = Debug|x64
		{F6CF494D-687D-4237-831A-197C9D81F3FD}.Debug|x86.ActiveCfg = Debug|x86
		{F6CF494D-687D-4237-831A-197C9D81F3FD}.Debug|x86.Build.0 = Debug|x86
		{F6CF494D-687D-4237-831A-197C9D81F3FD}.Release|Any CPU.ActiveCfg = Release|Any CPU
		{F6CF494D-687D-4237-831A-197C9D81F3FD}.Release|Any CPU.Build.0 = Release|Any CPU
		{F6CF494D-687D-4237-831A-197C9D81F3FD}.Release|x64.ActiveCfg = Release|x64
		{F6CF494D-687D-4237-831A-197C9D81F3FD}.Release|x64.Build.0 = Release|x64
		{F6CF494D-687D-4237-831A-197C9D81F3FD}.Release|x86.ActiveCfg = Release|x86
		{F6CF494D-687D-4237-831A-197C9D81F3FD}.Release|x86.Build.0 = Release|x86
		{D8C093E1-CF7B-4602-9D44-0219BBD48B25}.Debug|Any CPU.ActiveCfg = Debug|Any CPU
		{D8C093E1-CF7B-4602-9D44-0219BBD48B25}.Debug|Any CPU.Build.0 = Debug|Any CPU
		{D8C093E1-CF7B-4602-9D44-0219BBD48B25}.Debug|x64.ActiveCfg = Debug|x64
		{D8C093E1-CF7B-4602-9D44-0219BBD48B25}.Debug|x64.Build.0 = Debug|x64
		{D8C093E1-CF7B-4602-9D44-0219BBD48B25}.Debug|x86.ActiveCfg = Debug|x86
		{D8C093E1-CF7B-4602-9D44-0219BBD48B25}.Debug|x86.Build.0 = Debug|x86
		{D8C093E1-CF7B-4602-9D44-0219BBD48B25}.Release|Any CPU.ActiveCfg = Release|Any CPU
		{D8C093E1-CF7B-4602-9D44-0219BBD48B25}.Release|Any CPU.Build.0 = Release|Any CPU
		{D8C093E1-CF7B-4602-9D44-0219BBD48B25}.Release|x64.ActiveCfg = Release|x64
		{D8C093E1-CF7B-4602-9D44-0219BBD48B25}.Release|x64.Build.0 = Release|x64
		{D8C093E1-CF7B-4602-9D44-0219BBD48B25}.Release|x86.ActiveCfg = Release|x86
		{D8C093E1-CF7B-4602-9D44-0219BBD48B25}.Release|x86.Build.0 = Release|x86
		{E65BCD50-8DA5-4A5E-B30B-4FCEA1C17591}.Debug|Any CPU.ActiveCfg = Debug|Any CPU
		{E65BCD50-8DA5-4A5E-B30B-4FCEA1C17591}.Debug|Any CPU.Build.0 = Debug|Any CPU
		{E65BCD50-8DA5-4A5E-B30B-4FCEA1C17591}.Debug|x64.ActiveCfg = Debug|x64
		{E65BCD50-8DA5-4A5E-B30B-4FCEA1C17591}.Debug|x64.Build.0 = Debug|x64
		{E65BCD50-8DA5-4A5E-B30B-4FCEA1C17591}.Debug|x86.ActiveCfg = Debug|x86
		{E65BCD50-8DA5-4A5E-B30B-4FCEA1C17591}.Debug|x86.Build.0 = Debug|x86
		{E65BCD50-8DA5-4A5E-B30B-4FCEA1C17591}.Release|Any CPU.ActiveCfg = Release|Any CPU
		{E65BCD50-8DA5-4A5E-B30B-4FCEA1C17591}.Release|Any CPU.Build.0 = Release|Any CPU
		{E65BCD50-8DA5-4A5E-B30B-4FCEA1C17591}.Release|x64.ActiveCfg = Release|x64
		{E65BCD50-8DA5-4A5E-B30B-4FCEA1C17591}.Release|x64.Build.0 = Release|x64
		{E65BCD50-8DA5-4A5E-B30B-4FCEA1C17591}.Release|x86.ActiveCfg = Release|x86
		{E65BCD50-8DA5-4A5E-B30B-4FCEA1C17591}.Release|x86.Build.0 = Release|x86
		{281F6811-C219-43F0-866E-AE1C9DE8892E}.Debug|Any CPU.ActiveCfg = Debug|Any CPU
		{281F6811-C219-43F0-866E-AE1C9DE8892E}.Debug|Any CPU.Build.0 = Debug|Any CPU
		{281F6811-C219-43F0-866E-AE1C9DE8892E}.Debug|x64.ActiveCfg = Debug|x64
		{281F6811-C219-43F0-866E-AE1C9DE8892E}.Debug|x64.Build.0 = Debug|x64
		{281F6811-C219-43F0-866E-AE1C9DE8892E}.Debug|x86.ActiveCfg = Debug|x86
		{281F6811-C219-43F0-866E-AE1C9DE8892E}.Debug|x86.Build.0 = Debug|x86
		{281F6811-C219-43F0-866E-AE1C9DE8892E}.Release|Any CPU.ActiveCfg = Release|Any CPU
		{281F6811-C219-43F0-866E-AE1C9DE8892E}.Release|Any CPU.Build.0 = Release|Any CPU
		{281F6811-C219-43F0-866E-AE1C9DE8892E}.Release|x64.ActiveCfg = Release|x64
		{281F6811-C219-43F0-866E-AE1C9DE8892E}.Release|x64.Build.0 = Release|x64
		{281F6811-C219-43F0-866E-AE1C9DE8892E}.Release|x86.ActiveCfg = Release|x86
		{281F6811-C219-43F0-866E-AE1C9DE8892E}.Release|x86.Build.0 = Release|x86
		{C9C6950A-7987-4F7B-90BD-577B7B4891E1}.Debug|Any CPU.ActiveCfg = Debug|Any CPU
		{C9C6950A-7987-4F7B-90BD-577B7B4891E1}.Debug|Any CPU.Build.0 = Debug|Any CPU
		{C9C6950A-7987-4F7B-90BD-577B7B4891E1}.Debug|x64.ActiveCfg = Debug|x64
		{C9C6950A-7987-4F7B-90BD-577B7B4891E1}.Debug|x64.Build.0 = Debug|x64
		{C9C6950A-7987-4F7B-90BD-577B7B4891E1}.Debug|x86.ActiveCfg = Debug|x86
		{C9C6950A-7987-4F7B-90BD-577B7B4891E1}.Debug|x86.Build.0 = Debug|x86
		{C9C6950A-7987-4F7B-90BD-577B7B4891E1}.Release|Any CPU.ActiveCfg = Release|Any CPU
		{C9C6950A-7987-4F7B-90BD-577B7B4891E1}.Release|Any CPU.Build.0 = Release|Any CPU
		{C9C6950A-7987-4F7B-90BD-577B7B4891E1}.Release|x64.ActiveCfg = Release|x64
		{C9C6950A-7987-4F7B-90BD-577B7B4891E1}.Release|x64.Build.0 = Release|x64
		{C9C6950A-7987-4F7B-90BD-577B7B4891E1}.Release|x86.ActiveCfg = Release|x86
		{C9C6950A-7987-4F7B-90BD-577B7B4891E1}.Release|x86.Build.0 = Release|x86
		{52873E35-CB84-470D-B4F7-D30C1D50FE5F}.Debug|Any CPU.ActiveCfg = Debug|Any CPU
		{52873E35-CB84-470D-B4F7-D30C1D50FE5F}.Debug|Any CPU.Build.0 = Debug|Any CPU
		{52873E35-CB84-470D-B4F7-D30C1D50FE5F}.Debug|x64.ActiveCfg = Debug|x64
		{52873E35-CB84-470D-B4F7-D30C1D50FE5F}.Debug|x64.Build.0 = Debug|x64
		{52873E35-CB84-470D-B4F7-D30C1D50FE5F}.Debug|x86.ActiveCfg = Debug|x86
		{52873E35-CB84-470D-B4F7-D30C1D50FE5F}.Debug|x86.Build.0 = Debug|x86
		{52873E35-CB84-470D-B4F7-D30C1D50FE5F}.Release|Any CPU.ActiveCfg = Release|Any CPU
		{52873E35-CB84-470D-B4F7-D30C1D50FE5F}.Release|Any CPU.Build.0 = Release|Any CPU
		{52873E35-CB84-470D-B4F7-D30C1D50FE5F}.Release|x64.ActiveCfg = Release|x64
		{52873E35-CB84-470D-B4F7-D30C1D50FE5F}.Release|x64.Build.0 = Release|x64
		{52873E35-CB84-470D-B4F7-D30C1D50FE5F}.Release|x86.ActiveCfg = Release|x86
		{52873E35-CB84-470D-B4F7-D30C1D50FE5F}.Release|x86.Build.0 = Release|x86
		{934EDB76-613D-42E6-B5C2-6637D50BC5C0}.Debug|Any CPU.ActiveCfg = Debug|Any CPU
		{934EDB76-613D-42E6-B5C2-6637D50BC5C0}.Debug|Any CPU.Build.0 = Debug|Any CPU
		{934EDB76-613D-42E6-B5C2-6637D50BC5C0}.Debug|x64.ActiveCfg = Debug|x64
		{934EDB76-613D-42E6-B5C2-6637D50BC5C0}.Debug|x64.Build.0 = Debug|x64
		{934EDB76-613D-42E6-B5C2-6637D50BC5C0}.Debug|x86.ActiveCfg = Debug|x86
		{934EDB76-613D-42E6-B5C2-6637D50BC5C0}.Debug|x86.Build.0 = Debug|x86
		{934EDB76-613D-42E6-B5C2-6637D50BC5C0}.Release|Any CPU.ActiveCfg = Release|Any CPU
		{934EDB76-613D-42E6-B5C2-6637D50BC5C0}.Release|Any CPU.Build.0 = Release|Any CPU
		{934EDB76-613D-42E6-B5C2-6637D50BC5C0}.Release|x64.ActiveCfg = Release|x64
		{934EDB76-613D-42E6-B5C2-6637D50BC5C0}.Release|x64.Build.0 = Release|x64
		{934EDB76-613D-42E6-B5C2-6637D50BC5C0}.Release|x86.ActiveCfg = Release|x86
		{934EDB76-613D-42E6-B5C2-6637D50BC5C0}.Release|x86.Build.0 = Release|x86
	EndGlobalSection
	GlobalSection(SolutionProperties) = preSolution
		HideSolutionNode = FALSE
	EndGlobalSection
	GlobalSection(NestedProjects) = preSolution
		{1597BB2F-A9EA-456B-903A-A5C46B44DB0D} = {1610A14C-0BCE-463A-BECD-A890BB0B675B}
		{4B474B1B-9EF3-49B4-8445-1288B7FBDFC0} = {145B6630-29D1-45E0-A4E2-4AE5EA133C1F}
		{B94DF8DB-763B-4B82-BD0E-698D976A9EDD} = {145B6630-29D1-45E0-A4E2-4AE5EA133C1F}
		{F6CF494D-687D-4237-831A-197C9D81F3FD} = {145B6630-29D1-45E0-A4E2-4AE5EA133C1F}
		{D8C093E1-CF7B-4602-9D44-0219BBD48B25} = {1610A14C-0BCE-463A-BECD-A890BB0B675B}
		{E65BCD50-8DA5-4A5E-B30B-4FCEA1C17591} = {1610A14C-0BCE-463A-BECD-A890BB0B675B}
		{281F6811-C219-43F0-866E-AE1C9DE8892E} = {145B6630-29D1-45E0-A4E2-4AE5EA133C1F}
		{C9C6950A-7987-4F7B-90BD-577B7B4891E1} = {1610A14C-0BCE-463A-BECD-A890BB0B675B}
		{52873E35-CB84-470D-B4F7-D30C1D50FE5F} = {C3EBC797-8E26-410D-A9EE-422592A7468E}
		{934EDB76-613D-42E6-B5C2-6637D50BC5C0} = {1610A14C-0BCE-463A-BECD-A890BB0B675B}
	EndGlobalSection
EndGlobal
